
Microsoft Visual Studio Solution File, Format Version 12.00
# Visual Studio Version 17
VisualStudioVersion = 17.0.31717.71
MinimumVisualStudioVersion = 10.0.40219.1
Project("{9A19103F-16F7-4668-BE54-9A1E7A4F7556}") = "JDBSource", "JDBSource\JDBSource.csproj", "{45FB6088-F158-4374-BFEE-5E83BB1A3A4A}"
EndProject
Project("{9A19103F-16F7-4668-BE54-9A1E7A4F7556}") = "JDBConsole", "JDBConsole\JDBConsole.csproj", "{5296CF2F-A18F-4D26-B355-3E2382F149C0}"
EndProject
Project("{9A19103F-16F7-4668-BE54-9A1E7A4F7556}") = "JDBWinClient", "JDBWinClient\JDBWinClient.csproj", "{8A6D60E4-A3E3-427F-B828-6C278B204C6E}"
EndProject
Project("{2150E333-8FDC-42A3-9474-1A3956D46DE8}") = "Solution Items", "Solution Items", "{7C2A2BE7-B6A3-44CE-B77E-EB460C9326B6}"
	ProjectSection(SolutionItems) = preProject
		.editorconfig = .editorconfig
	EndProjectSection
EndProject
Project("{9A19103F-16F7-4668-BE54-9A1E7A4F7556}") = "JDBWebAPI", "WebAPI\JDBWebAPI.csproj", "{FE6B0866-46F6-401C-A887-C61047562268}"
EndProject
Project("{9A19103F-16F7-4668-BE54-9A1E7A4F7556}") = "JDBUnitTest", "JDBUnitTest\JDBUnitTest.csproj", "{CF1C7B4E-98B8-420B-A6E5-89B593BEEADB}"
EndProject
Project("{FAE04EC0-301F-11D3-BF4B-00C04F79EFBC}") = "JDBWebApp", "JDBWebApp\JDBWebApp.csproj", "{673FE00F-8DDB-4BE5-99A9-1D947163609F}"
EndProject
Global
	GlobalSection(SolutionConfigurationPlatforms) = preSolution
		Debug|Any CPU = Debug|Any CPU
		Release|Any CPU = Release|Any CPU
	EndGlobalSection
	GlobalSection(ProjectConfigurationPlatforms) = postSolution
		{45FB6088-F158-4374-BFEE-5E83BB1A3A4A}.Debug|Any CPU.ActiveCfg = Debug|Any CPU
		{45FB6088-F158-4374-BFEE-5E83BB1A3A4A}.Debug|Any CPU.Build.0 = Debug|Any CPU
		{45FB6088-F158-4374-BFEE-5E83BB1A3A4A}.Release|Any CPU.ActiveCfg = Release|Any CPU
		{45FB6088-F158-4374-BFEE-5E83BB1A3A4A}.Release|Any CPU.Build.0 = Release|Any CPU
		{5296CF2F-A18F-4D26-B355-3E2382F149C0}.Debug|Any CPU.ActiveCfg = Debug|Any CPU
		{5296CF2F-A18F-4D26-B355-3E2382F149C0}.Debug|Any CPU.Build.0 = Debug|Any CPU
		{5296CF2F-A18F-4D26-B355-3E2382F149C0}.Release|Any CPU.ActiveCfg = Release|Any CPU
		{5296CF2F-A18F-4D26-B355-3E2382F149C0}.Release|Any CPU.Build.0 = Release|Any CPU
		{8A6D60E4-A3E3-427F-B828-6C278B204C6E}.Debug|Any CPU.ActiveCfg = Debug|Any CPU
		{8A6D60E4-A3E3-427F-B828-6C278B204C6E}.Debug|Any CPU.Build.0 = Debug|Any CPU
		{8A6D60E4-A3E3-427F-B828-6C278B204C6E}.Release|Any CPU.ActiveCfg = Release|Any CPU
		{8A6D60E4-A3E3-427F-B828-6C278B204C6E}.Release|Any CPU.Build.0 = Release|Any CPU
		{FE6B0866-46F6-401C-A887-C61047562268}.Debug|Any CPU.ActiveCfg = Debug|Any CPU
		{FE6B0866-46F6-401C-A887-C61047562268}.Debug|Any CPU.Build.0 = Debug|Any CPU
		{FE6B0866-46F6-401C-A887-C61047562268}.Release|Any CPU.ActiveCfg = Release|Any CPU
		{FE6B0866-46F6-401C-A887-C61047562268}.Release|Any CPU.Build.0 = Release|Any CPU
		{CF1C7B4E-98B8-420B-A6E5-89B593BEEADB}.Debug|Any CPU.ActiveCfg = Debug|Any CPU
		{CF1C7B4E-98B8-420B-A6E5-89B593BEEADB}.Debug|Any CPU.Build.0 = Debug|Any CPU
		{CF1C7B4E-98B8-420B-A6E5-89B593BEEADB}.Release|Any CPU.ActiveCfg = Release|Any CPU
		{CF1C7B4E-98B8-420B-A6E5-89B593BEEADB}.Release|Any CPU.Build.0 = Release|Any CPU
		{673FE00F-8DDB-4BE5-99A9-1D947163609F}.Debug|Any CPU.ActiveCfg = Debug|Any CPU
		{673FE00F-8DDB-4BE5-99A9-1D947163609F}.Debug|Any CPU.Build.0 = Debug|Any CPU
		{673FE00F-8DDB-4BE5-99A9-1D947163609F}.Release|Any CPU.ActiveCfg = Release|Any CPU
		{673FE00F-8DDB-4BE5-99A9-1D947163609F}.Release|Any CPU.Build.0 = Release|Any CPU
	EndGlobalSection
	GlobalSection(SolutionProperties) = preSolution
		HideSolutionNode = FALSE
	EndGlobalSection
	GlobalSection(ExtensibilityGlobals) = postSolution
		SolutionGuid = {B1A39D0A-5BEC-4968-898E-7C80625E1216}
	EndGlobalSection
EndGlobal
